
Microsoft Visual Studio Solution File, Format Version 12.00
# Visual Studio 14
VisualStudioVersion = 14.0.24720.0
MinimumVisualStudioVersion = 10.0.40219.1
Project("{FAE04EC0-301F-11D3-BF4B-00C04F79EFBC}") = "StatusBoard.Core", "StatusBoard.Core\StatusBoard.Core.csproj", "{DC7975AD-A342-4CC9-84C0-08D4F234D0F1}"
EndProject
Project("{FAE04EC0-301F-11D3-BF4B-00C04F79EFBC}") = "StatusBoard.Infrastructure", "StatusBoard.Infrastructure\StatusBoard.Infrastructure.csproj", "{FC3D5616-35F6-4930-BC59-2FCB86F8CB8B}"
EndProject
Project("{FAE04EC0-301F-11D3-BF4B-00C04F79EFBC}") = "StatusBoard.Test", "StatusBoard.Test\StatusBoard.Test.csproj", "{1CDF4433-A342-40EB-9203-6EB5B97CED20}"
EndProject
Project("{FAE04EC0-301F-11D3-BF4B-00C04F79EFBC}") = "StatusBoard.Web", "StatusBoard.Web\StatusBoard.Web.csproj", "{5C75289D-B4B5-4971-9F45-E6A4A29271DF}"
EndProject
Global
	GlobalSection(SolutionConfigurationPlatforms) = preSolution
		Debug|Any CPU = Debug|Any CPU
		Release|Any CPU = Release|Any CPU
	EndGlobalSection
	GlobalSection(ProjectConfigurationPlatforms) = postSolution
		{DC7975AD-A342-4CC9-84C0-08D4F234D0F1}.Debug|Any CPU.ActiveCfg = Debug|Any CPU
		{DC7975AD-A342-4CC9-84C0-08D4F234D0F1}.Debug|Any CPU.Build.0 = Debug|Any CPU
		{DC7975AD-A342-4CC9-84C0-08D4F234D0F1}.Release|Any CPU.ActiveCfg = Release|Any CPU
		{DC7975AD-A342-4CC9-84C0-08D4F234D0F1}.Release|Any CPU.Build.0 = Release|Any CPU
		{FC3D5616-35F6-4930-BC59-2FCB86F8CB8B}.Debug|Any CPU.ActiveCfg = Debug|Any CPU
		{FC3D5616-35F6-4930-BC59-2FCB86F8CB8B}.Debug|Any CPU.Build.0 = Debug|Any CPU
		{FC3D5616-35F6-4930-BC59-2FCB86F8CB8B}.Release|Any CPU.ActiveCfg = Release|Any CPU
		{FC3D5616-35F6-4930-BC59-2FCB86F8CB8B}.Release|Any CPU.Build.0 = Release|Any CPU
		{1CDF4433-A342-40EB-9203-6EB5B97CED20}.Debug|Any CPU.ActiveCfg = Debug|Any CPU
		{1CDF4433-A342-40EB-9203-6EB5B97CED20}.Debug|Any CPU.Build.0 = Debug|Any CPU
		{1CDF4433-A342-40EB-9203-6EB5B97CED20}.Release|Any CPU.ActiveCfg = Release|Any CPU
		{1CDF4433-A342-40EB-9203-6EB5B97CED20}.Release|Any CPU.Build.0 = Release|Any CPU
		{5C75289D-B4B5-4971-9F45-E6A4A29271DF}.Debug|Any CPU.ActiveCfg = Debug|Any CPU
		{5C75289D-B4B5-4971-9F45-E6A4A29271DF}.Debug|Any CPU.Build.0 = Debug|Any CPU
		{5C75289D-B4B5-4971-9F45-E6A4A29271DF}.Release|Any CPU.ActiveCfg = Release|Any CPU
		{5C75289D-B4B5-4971-9F45-E6A4A29271DF}.Release|Any CPU.Build.0 = Release|Any CPU
	EndGlobalSection
	GlobalSection(SolutionProperties) = preSolution
		HideSolutionNode = FALSE
	EndGlobalSection
EndGlobal
